
Microsoft Visual Studio Solution File, Format Version 12.00
# Visual Studio Version 17
VisualStudioVersion = 17.5.33424.131
MinimumVisualStudioVersion = 10.0.40219.1
Project("{FAE04EC0-301F-11D3-BF4B-00C04F79EFBC}") = "ApiDotNet.Domain", "ApiDotNet.Domain\ApiDotNet.Domain.csproj", "{BC5020BC-047E-4E02-97A1-69D4BB641C5B}"
EndProject
Project("{FAE04EC0-301F-11D3-BF4B-00C04F79EFBC}") = "ApiDotNet.Infra.Data", "ApiDotNet.Infra.Data\ApiDotNet.Infra.Data.csproj", "{0913BA4B-FEF4-4681-AEE8-6BF1B822A6F5}"
EndProject
Project("{FAE04EC0-301F-11D3-BF4B-00C04F79EFBC}") = "ApiDotNet.Application", "ApiDotNet.Application\ApiDotNet.Application.csproj", "{D94D9A56-619D-4CCD-8845-20FE982A49E6}"
EndProject
Project("{FAE04EC0-301F-11D3-BF4B-00C04F79EFBC}") = "ApiDotNet.Infra.IoC", "ApiDotNet.Infra.IoC\ApiDotNet.Infra.IoC.csproj", "{2C735BE6-DE78-43F7-92E4-3FB85655E921}"
EndProject
Project("{FAE04EC0-301F-11D3-BF4B-00C04F79EFBC}") = "ApiDotNet.Api", "ApiDotNet.Api\ApiDotNet.Api.csproj", "{BC1ECB4F-DBC5-4704-87F7-701BB4048487}"
EndProject
Global
	GlobalSection(SolutionConfigurationPlatforms) = preSolution
		Debug|Any CPU = Debug|Any CPU
		Release|Any CPU = Release|Any CPU
	EndGlobalSection
	GlobalSection(ProjectConfigurationPlatforms) = postSolution
		{BC5020BC-047E-4E02-97A1-69D4BB641C5B}.Debug|Any CPU.ActiveCfg = Debug|Any CPU
		{BC5020BC-047E-4E02-97A1-69D4BB641C5B}.Debug|Any CPU.Build.0 = Debug|Any CPU
		{BC5020BC-047E-4E02-97A1-69D4BB641C5B}.Release|Any CPU.ActiveCfg = Release|Any CPU
		{BC5020BC-047E-4E02-97A1-69D4BB641C5B}.Release|Any CPU.Build.0 = Release|Any CPU
		{0913BA4B-FEF4-4681-AEE8-6BF1B822A6F5}.Debug|Any CPU.ActiveCfg = Debug|Any CPU
		{0913BA4B-FEF4-4681-AEE8-6BF1B822A6F5}.Debug|Any CPU.Build.0 = Debug|Any CPU
		{0913BA4B-FEF4-4681-AEE8-6BF1B822A6F5}.Release|Any CPU.ActiveCfg = Release|Any CPU
		{0913BA4B-FEF4-4681-AEE8-6BF1B822A6F5}.Release|Any CPU.Build.0 = Release|Any CPU
		{D94D9A56-619D-4CCD-8845-20FE982A49E6}.Debug|Any CPU.ActiveCfg = Debug|Any CPU
		{D94D9A56-619D-4CCD-8845-20FE982A49E6}.Debug|Any CPU.Build.0 = Debug|Any CPU
		{D94D9A56-619D-4CCD-8845-20FE982A49E6}.Release|Any CPU.ActiveCfg = Release|Any CPU
		{D94D9A56-619D-4CCD-8845-20FE982A49E6}.Release|Any CPU.Build.0 = Release|Any CPU
		{2C735BE6-DE78-43F7-92E4-3FB85655E921}.Debug|Any CPU.ActiveCfg = Debug|Any CPU
		{2C735BE6-DE78-43F7-92E4-3FB85655E921}.Debug|Any CPU.Build.0 = Debug|Any CPU
		{2C735BE6-DE78-43F7-92E4-3FB85655E921}.Release|Any CPU.ActiveCfg = Release|Any CPU
		{2C735BE6-DE78-43F7-92E4-3FB85655E921}.Release|Any CPU.Build.0 = Release|Any CPU
		{BC1ECB4F-DBC5-4704-87F7-701BB4048487}.Debug|Any CPU.ActiveCfg = Debug|Any CPU
		{BC1ECB4F-DBC5-4704-87F7-701BB4048487}.Debug|Any CPU.Build.0 = Debug|Any CPU
		{BC1ECB4F-DBC5-4704-87F7-701BB4048487}.Release|Any CPU.ActiveCfg = Release|Any CPU
		{BC1ECB4F-DBC5-4704-87F7-701BB4048487}.Release|Any CPU.Build.0 = Release|Any CPU
	EndGlobalSection
	GlobalSection(SolutionProperties) = preSolution
		HideSolutionNode = FALSE
	EndGlobalSection
	GlobalSection(ExtensibilityGlobals) = postSolution
		SolutionGuid = {364D682B-376D-46F1-AB64-04AD7D6A701D}
	EndGlobalSection
EndGlobal
